// !$*UTF8*$!
{
	archiveVersion = 1;
	classes = {
	};
	objectVersion = 55;
	objects = {

/* Begin PBXBuildFile section */
		5FE3692127C6D477006F2301 /* LidarApp.swift in Sources */ = {isa = PBXBuildFile; fileRef = 5FE3691127C6D477006F2301 /* LidarApp.swift */; };
		5FE3692227C6D477006F2301 /* LidarApp.swift in Sources */ = {isa = PBXBuildFile; fileRef = 5FE3691127C6D477006F2301 /* LidarApp.swift */; };
		5FE3692327C6D477006F2301 /* ContentView.swift in Sources */ = {isa = PBXBuildFile; fileRef = 5FE3691227C6D477006F2301 /* ContentView.swift */; };
		5FE3692427C6D477006F2301 /* ContentView.swift in Sources */ = {isa = PBXBuildFile; fileRef = 5FE3691227C6D477006F2301 /* ContentView.swift */; };
		5FE3692527C6D477006F2301 /* Assets.xcassets in Resources */ = {isa = PBXBuildFile; fileRef = 5FE3691327C6D477006F2301 /* Assets.xcassets */; };
		5FE3692627C6D477006F2301 /* Assets.xcassets in Resources */ = {isa = PBXBuildFile; fileRef = 5FE3691327C6D477006F2301 /* Assets.xcassets */; };
		5FE3693327C6D611006F2301 /* Scan.storyboard in Resources */ = {isa = PBXBuildFile; fileRef = 5FE3693127C6D611006F2301 /* Scan.storyboard */; };
		5FE3693427C6D611006F2301 /* ScanViewController.swift in Sources */ = {isa = PBXBuildFile; fileRef = 5FE3693227C6D611006F2301 /* ScanViewController.swift */; };
/* End PBXBuildFile section */

/* Begin PBXFileReference section */
		5FE3691127C6D477006F2301 /* LidarApp.swift */ = {isa = PBXFileReference; lastKnownFileType = sourcecode.swift; path = LidarApp.swift; sourceTree = "<group>"; };
		5FE3691227C6D477006F2301 /* ContentView.swift */ = {isa = PBXFileReference; lastKnownFileType = sourcecode.swift; path = ContentView.swift; sourceTree = "<group>"; };
		5FE3691327C6D477006F2301 /* Assets.xcassets */ = {isa = PBXFileReference; lastKnownFileType = folder.assetcatalog; path = Assets.xcassets; sourceTree = "<group>"; };
		5FE3691827C6D477006F2301 /* Lidar.app */ = {isa = PBXFileReference; explicitFileType = wrapper.application; includeInIndex = 0; path = Lidar.app; sourceTree = BUILT_PRODUCTS_DIR; };
		5FE3691E27C6D477006F2301 /* Lidar.app */ = {isa = PBXFileReference; explicitFileType = wrapper.application; includeInIndex = 0; path = Lidar.app; sourceTree = BUILT_PRODUCTS_DIR; };
		5FE3692027C6D477006F2301 /* macOS.entitlements */ = {isa = PBXFileReference; lastKnownFileType = text.plist.entitlements; path = macOS.entitlements; sourceTree = "<group>"; };
		5FE3693127C6D611006F2301 /* Scan.storyboard */ = {isa = PBXFileReference; fileEncoding = 4; lastKnownFileType = file.storyboard; path = Scan.storyboard; sourceTree = "<group>"; };
		5FE3693227C6D611006F2301 /* ScanViewController.swift */ = {isa = PBXFileReference; fileEncoding = 4; lastKnownFileType = sourcecode.swift; path = ScanViewController.swift; sourceTree = "<group>"; };
/* End PBXFileReference section */

/* Begin PBXFrameworksBuildPhase section */
		5FE3691527C6D477006F2301 /* Frameworks */ = {
			isa = PBXFrameworksBuildPhase;
			buildActionMask = 2147483647;
			files = (
			);
			runOnlyForDeploymentPostprocessing = 0;
		};
		5FE3691B27C6D477006F2301 /* Frameworks */ = {
			isa = PBXFrameworksBuildPhase;
			buildActionMask = 2147483647;
			files = (
			);
			runOnlyForDeploymentPostprocessing = 0;
		};
/* End PBXFrameworksBuildPhase section */

/* Begin PBXGroup section */
		5FE3690B27C6D477006F2301 = {
			isa = PBXGroup;
			children = (
				5FE3693127C6D611006F2301 /* Scan.storyboard */,
				5FE3693227C6D611006F2301 /* ScanViewController.swift */,
				5FE3691027C6D477006F2301 /* Shared */,
				5FE3691F27C6D477006F2301 /* macOS */,
				5FE3691927C6D477006F2301 /* Products */,
			);
			sourceTree = "<group>";
		};
		5FE3691027C6D477006F2301 /* Shared */ = {
			isa = PBXGroup;
			children = (
				5FE3691127C6D477006F2301 /* LidarApp.swift */,
				5FE3691227C6D477006F2301 /* ContentView.swift */,
				5FE3691327C6D477006F2301 /* Assets.xcassets */,
			);
			path = Shared;
			sourceTree = "<group>";
		};
		5FE3691927C6D477006F2301 /* Products */ = {
			isa = PBXGroup;
			children = (
				5FE3691827C6D477006F2301 /* Lidar.app */,
				5FE3691E27C6D477006F2301 /* Lidar.app */,
			);
			name = Products;
			sourceTree = "<group>";
		};
		5FE3691F27C6D477006F2301 /* macOS */ = {
			isa = PBXGroup;
			children = (
				5FE3692027C6D477006F2301 /* macOS.entitlements */,
			);
			path = macOS;
			sourceTree = "<group>";
		};
/* End PBXGroup section */

/* Begin PBXNativeTarget section */
		5FE3691727C6D477006F2301 /* Lidar (iOS) */ = {
			isa = PBXNativeTarget;
			buildConfigurationList = 5FE3692927C6D477006F2301 /* Build configuration list for PBXNativeTarget "Lidar (iOS)" */;
			buildPhases = (
				5FE3691427C6D477006F2301 /* Sources */,
				5FE3691527C6D477006F2301 /* Frameworks */,
				5FE3691627C6D477006F2301 /* Resources */,
			);
			buildRules = (
			);
			dependencies = (
			);
			name = "Lidar (iOS)";
			productName = "Lidar (iOS)";
			productReference = 5FE3691827C6D477006F2301 /* Lidar.app */;
			productType = "com.apple.product-type.application";
		};
		5FE3691D27C6D477006F2301 /* Lidar (macOS) */ = {
			isa = PBXNativeTarget;
			buildConfigurationList = 5FE3692C27C6D477006F2301 /* Build configuration list for PBXNativeTarget "Lidar (macOS)" */;
			buildPhases = (
				5FE3691A27C6D477006F2301 /* Sources */,
				5FE3691B27C6D477006F2301 /* Frameworks */,
				5FE3691C27C6D477006F2301 /* Resources */,
			);
			buildRules = (
			);
			dependencies = (
			);
			name = "Lidar (macOS)";
			productName = "Lidar (macOS)";
			productReference = 5FE3691E27C6D477006F2301 /* Lidar.app */;
			productType = "com.apple.product-type.application";
		};
/* End PBXNativeTarget section */

/* Begin PBXProject section */
		5FE3690C27C6D477006F2301 /* Project object */ = {
			isa = PBXProject;
			attributes = {
				BuildIndependentTargetsInParallel = 1;
				LastSwiftUpdateCheck = 1320;
				LastUpgradeCheck = 1320;
				TargetAttributes = {
					5FE3691727C6D477006F2301 = {
						CreatedOnToolsVersion = 13.2.1;
					};
					5FE3691D27C6D477006F2301 = {
						CreatedOnToolsVersion = 13.2.1;
					};
				};
			};
			buildConfigurationList = 5FE3690F27C6D477006F2301 /* Build configuration list for PBXProject "Lidar" */;
			compatibilityVersion = "Xcode 13.0";
			developmentRegion = en;
			hasScannedForEncodings = 0;
			knownRegions = (
				en,
				Base,
			);
			mainGroup = 5FE3690B27C6D477006F2301;
			productRefGroup = 5FE3691927C6D477006F2301 /* Products */;
			projectDirPath = "";
			projectRoot = "";
			targets = (
				5FE3691727C6D477006F2301 /* Lidar (iOS) */,
				5FE3691D27C6D477006F2301 /* Lidar (macOS) */,
			);
		};
/* End PBXProject section */

/* Begin PBXResourcesBuildPhase section */
		5FE3691627C6D477006F2301 /* Resources */ = {
			isa = PBXResourcesBuildPhase;
			buildActionMask = 2147483647;
			files = (
				5FE3692527C6D477006F2301 /* Assets.xcassets in Resources */,
				5FE3693327C6D611006F2301 /* Scan.storyboard in Resources */,
			);
			runOnlyForDeploymentPostprocessing = 0;
		};
		5FE3691C27C6D477006F2301 /* Resources */ = {
			isa = PBXResourcesBuildPhase;
			buildActionMask = 2147483647;
			files = (
				5FE3692627C6D477006F2301 /* Assets.xcassets in Resources */,
			);
			runOnlyForDeploymentPostprocessing = 0;
		};
/* End PBXResourcesBuildPhase section */

/* Begin PBXSourcesBuildPhase section */
		5FE3691427C6D477006F2301 /* Sources */ = {
			isa = PBXSourcesBuildPhase;
			buildActionMask = 2147483647;
			files = (
				5FE3692327C6D477006F2301 /* ContentView.swift in Sources */,
				5FE3692127C6D477006F2301 /* LidarApp.swift in Sources */,
				5FE3693427C6D611006F2301 /* ScanViewController.swift in Sources */,
			);
			runOnlyForDeploymentPostprocessing = 0;
		};
		5FE3691A27C6D477006F2301 /* Sources */ = {
			isa = PBXSourcesBuildPhase;
			buildActionMask = 2147483647;
			files = (
				5FE3692427C6D477006F2301 /* ContentView.swift in Sources */,
				5FE3692227C6D477006F2301 /* LidarApp.swift in Sources */,
			);
			runOnlyForDeploymentPostprocessing = 0;
		};
/* End PBXSourcesBuildPhase section */

/* Begin XCBuildConfiguration section */
		5FE3692727C6D477006F2301 /* Debug */ = {
			isa = XCBuildConfiguration;
			buildSettings = {
				ALWAYS_SEARCH_USER_PATHS = NO;
				CLANG_ANALYZER_NONNULL = YES;
				CLANG_ANALYZER_NUMBER_OBJECT_CONVERSION = YES_AGGRESSIVE;
				CLANG_CXX_LANGUAGE_STANDARD = "gnu++17";
				CLANG_CXX_LIBRARY = "libc++";
				CLANG_ENABLE_MODULES = YES;
				CLANG_ENABLE_OBJC_ARC = YES;
				CLANG_ENABLE_OBJC_WEAK = YES;
				CLANG_WARN_BLOCK_CAPTURE_AUTORELEASING = YES;
				CLANG_WARN_BOOL_CONVERSION = YES;
				CLANG_WARN_COMMA = YES;
				CLANG_WARN_CONSTANT_CONVERSION = YES;
				CLANG_WARN_DEPRECATED_OBJC_IMPLEMENTATIONS = YES;
				CLANG_WARN_DIRECT_OBJC_ISA_USAGE = YES_ERROR;
				CLANG_WARN_DOCUMENTATION_COMMENTS = YES;
				CLANG_WARN_EMPTY_BODY = YES;
				CLANG_WARN_ENUM_CONVERSION = YES;
				CLANG_WARN_INFINITE_RECURSION = YES;
				CLANG_WARN_INT_CONVERSION = YES;
				CLANG_WARN_NON_LITERAL_NULL_CONVERSION = YES;
				CLANG_WARN_OBJC_IMPLICIT_RETAIN_SELF = YES;
				CLANG_WARN_OBJC_LITERAL_CONVERSION = YES;
				CLANG_WARN_OBJC_ROOT_CLASS = YES_ERROR;
				CLANG_WARN_QUOTED_INCLUDE_IN_FRAMEWORK_HEADER = YES;
				CLANG_WARN_RANGE_LOOP_ANALYSIS = YES;
				CLANG_WARN_STRICT_PROTOTYPES = YES;
				CLANG_WARN_SUSPICIOUS_MOVE = YES;
				CLANG_WARN_UNGUARDED_AVAILABILITY = YES_AGGRESSIVE;
				CLANG_WARN_UNREACHABLE_CODE = YES;
				CLANG_WARN__DUPLICATE_METHOD_MATCH = YES;
				COPY_PHASE_STRIP = NO;
				DEBUG_INFORMATION_FORMAT = dwarf;
				ENABLE_STRICT_OBJC_MSGSEND = YES;
				ENABLE_TESTABILITY = YES;
				GCC_C_LANGUAGE_STANDARD = gnu11;
				GCC_DYNAMIC_NO_PIC = NO;
				GCC_NO_COMMON_BLOCKS = YES;
				GCC_OPTIMIZATION_LEVEL = 0;
				GCC_PREPROCESSOR_DEFINITIONS = (
					"DEBUG=1",
					"$(inherited)",
				);
				GCC_WARN_64_TO_32_BIT_CONVERSION = YES;
				GCC_WARN_ABOUT_RETURN_TYPE = YES_ERROR;
				GCC_WARN_UNDECLARED_SELECTOR = YES;
				GCC_WARN_UNINITIALIZED_AUTOS = YES_AGGRESSIVE;
				GCC_WARN_UNUSED_FUNCTION = YES;
				GCC_WARN_UNUSED_VARIABLE = YES;
				MTL_ENABLE_DEBUG_INFO = INCLUDE_SOURCE;
				MTL_FAST_MATH = YES;
				ONLY_ACTIVE_ARCH = YES;
				SWIFT_ACTIVE_COMPILATION_CONDITIONS = DEBUG;
				SWIFT_OPTIMIZATION_LEVEL = "-Onone";
			};
			name = Debug;
		};
		5FE3692827C6D477006F2301 /* Release */ = {
			isa = XCBuildConfiguration;
			buildSettings = {
				ALWAYS_SEARCH_USER_PATHS = NO;
				CLANG_ANALYZER_NONNULL = YES;
				CLANG_ANALYZER_NUMBER_OBJECT_CONVERSION = YES_AGGRESSIVE;
				CLANG_CXX_LANGUAGE_STANDARD = "gnu++17";
				CLANG_CXX_LIBRARY = "libc++";
				CLANG_ENABLE_MODULES = YES;
				CLANG_ENABLE_OBJC_ARC = YES;
				CLANG_ENABLE_OBJC_WEAK = YES;
				CLANG_WARN_BLOCK_CAPTURE_AUTORELEASING = YES;
				CLANG_WARN_BOOL_CONVERSION = YES;
				CLANG_WARN_COMMA = YES;
				CLANG_WARN_CONSTANT_CONVERSION = YES;
				CLANG_WARN_DEPRECATED_OBJC_IMPLEMENTATIONS = YES;
				CLANG_WARN_DIRECT_OBJC_ISA_USAGE = YES_ERROR;
				CLANG_WARN_DOCUMENTATION_COMMENTS = YES;
				CLANG_WARN_EMPTY_BODY = YES;
				CLANG_WARN_ENUM_CONVERSION = YES;
				CLANG_WARN_INFINITE_RECURSION = YES;
				CLANG_WARN_INT_CONVERSION = YES;
				CLANG_WARN_NON_LITERAL_NULL_CONVERSION = YES;
				CLANG_WARN_OBJC_IMPLICIT_RETAIN_SELF = YES;
				CLANG_WARN_OBJC_LITERAL_CONVERSION = YES;
				CLANG_WARN_OBJC_ROOT_CLASS = YES_ERROR;
				CLANG_WARN_QUOTED_INCLUDE_IN_FRAMEWORK_HEADER = YES;
				CLANG_WARN_RANGE_LOOP_ANALYSIS = YES;
				CLANG_WARN_STRICT_PROTOTYPES = YES;
				CLANG_WARN_SUSPICIOUS_MOVE = YES;
				CLANG_WARN_UNGUARDED_AVAILABILITY = YES_AGGRESSIVE;
				CLANG_WARN_UNREACHABLE_CODE = YES;
				CLANG_WARN__DUPLICATE_METHOD_MATCH = YES;
				COPY_PHASE_STRIP = NO;
				DEBUG_INFORMATION_FORMAT = "dwarf-with-dsym";
				ENABLE_NS_ASSERTIONS = NO;
				ENABLE_STRICT_OBJC_MSGSEND = YES;
				GCC_C_LANGUAGE_STANDARD = gnu11;
				GCC_NO_COMMON_BLOCKS = YES;
				GCC_WARN_64_TO_32_BIT_CONVERSION = YES;
				GCC_WARN_ABOUT_RETURN_TYPE = YES_ERROR;
				GCC_WARN_UNDECLARED_SELECTOR = YES;
				GCC_WARN_UNINITIALIZED_AUTOS = YES_AGGRESSIVE;
				GCC_WARN_UNUSED_FUNCTION = YES;
				GCC_WARN_UNUSED_VARIABLE = YES;
				MTL_ENABLE_DEBUG_INFO = NO;
				MTL_FAST_MATH = YES;
				SWIFT_COMPILATION_MODE = wholemodule;
				SWIFT_OPTIMIZATION_LEVEL = "-O";
			};
			name = Release;
		};
		5FE3692A27C6D477006F2301 /* Debug */ = {
			isa = XCBuildConfiguration;
			buildSettings = {
				ASSETCATALOG_COMPILER_APPICON_NAME = AppIcon;
				ASSETCATALOG_COMPILER_GLOBAL_ACCENT_COLOR_NAME = AccentColor;
				CODE_SIGN_STYLE = Automatic;
				CURRENT_PROJECT_VERSION = 1;
				DEVELOPMENT_TEAM = R9K4BX5972;
				ENABLE_PREVIEWS = YES;
				GENERATE_INFOPLIST_FILE = YES;
				INFOPLIST_KEY_UIApplicationSceneManifest_Generation = YES;
				INFOPLIST_KEY_UIApplicationSupportsIndirectInputEvents = YES;
				INFOPLIST_KEY_UILaunchScreen_Generation = YES;
				INFOPLIST_KEY_UILaunchStoryboardName = Scan;
				INFOPLIST_KEY_UISupportedInterfaceOrientations_iPad = "UIInterfaceOrientationPortrait UIInterfaceOrientationPortraitUpsideDown UIInterfaceOrientationLandscapeLeft UIInterfaceOrientationLandscapeRight";
				INFOPLIST_KEY_UISupportedInterfaceOrientations_iPhone = "UIInterfaceOrientationPortrait UIInterfaceOrientationLandscapeLeft UIInterfaceOrientationLandscapeRight";
				IPHONEOS_DEPLOYMENT_TARGET = 15.2;
				LD_RUNPATH_SEARCH_PATHS = (
					"$(inherited)",
					"@executable_path/Frameworks",
				);
				MARKETING_VERSION = 1.0;
				PRODUCT_BUNDLE_IDENTIFIER = com.av.testapp.Lidar;
				PRODUCT_NAME = Lidar;
				SDKROOT = iphoneos;
				SWIFT_EMIT_LOC_STRINGS = YES;
				SWIFT_VERSION = 5.0;
				TARGETED_DEVICE_FAMILY = "1,2";
			};
			name = Debug;
		};
		5FE3692B27C6D477006F2301 /* Release */ = {
			isa = XCBuildConfiguration;
			buildSettings = {
				ASSETCATALOG_COMPILER_APPICON_NAME = AppIcon;
				ASSETCATALOG_COMPILER_GLOBAL_ACCENT_COLOR_NAME = AccentColor;
				CODE_SIGN_STYLE = Automatic;
				CURRENT_PROJECT_VERSION = 1;
				DEVELOPMENT_TEAM = R9K4BX5972;
				ENABLE_PREVIEWS = YES;
				GENERATE_INFOPLIST_FILE = YES;
				INFOPLIST_KEY_UIApplicationSceneManifest_Generation = YES;
				INFOPLIST_KEY_UIApplicationSupportsIndirectInputEvents = YES;
				INFOPLIST_KEY_UILaunchScreen_Generation = YES;
				INFOPLIST_KEY_UILaunchStoryboardName = Scan;
				INFOPLIST_KEY_UISupportedInterfaceOrientations_iPad = "UIInterfaceOrientationPortrait UIInterfaceOrientationPortraitUpsideDown UIInterfaceOrientationLandscapeLeft UIInterfaceOrientationLandscapeRight";
				INFOPLIST_KEY_UISupportedInterfaceOrientations_iPhone = "UIInterfaceOrientationPortrait UIInterfaceOrientationLandscapeLeft UIInterfaceOrientationLandscapeRight";
				IPHONEOS_DEPLOYMENT_TARGET = 15.2;
				LD_RUNPATH_SEARCH_PATHS = (
					"$(inherited)",
					"@executable_path/Frameworks",
				);
				MARKETING_VERSION = 1.0;
				PRODUCT_BUNDLE_IDENTIFIER = com.av.testapp.Lidar;
				PRODUCT_NAME = Lidar;
				SDKROOT = iphoneos;
				SWIFT_EMIT_LOC_STRINGS = YES;
				SWIFT_VERSION = 5.0;
				TARGETED_DEVICE_FAMILY = "1,2";
				VALIDATE_PRODUCT = YES;
			};
			name = Release;
		};
		5FE3692D27C6D477006F2301 /* Debug */ = {
			isa = XCBuildConfiguration;
			buildSettings = {
				ASSETCATALOG_COMPILER_APPICON_NAME = AppIcon;
				ASSETCATALOG_COMPILER_GLOBAL_ACCENT_COLOR_NAME = AccentColor;
				CODE_SIGN_ENTITLEMENTS = macOS/macOS.entitlements;
				CODE_SIGN_STYLE = Automatic;
				COMBINE_HIDPI_IMAGES = YES;
				CURRENT_PROJECT_VERSION = 1;
				DEVELOPMENT_TEAM = R9K4BX5972;
				ENABLE_HARDENED_RUNTIME = YES;
				ENABLE_PREVIEWS = YES;
				GENERATE_INFOPLIST_FILE = YES;
				INFOPLIST_KEY_NSHumanReadableCopyright = "";
				LD_RUNPATH_SEARCH_PATHS = (
					"$(inherited)",
					"@executable_path/../Frameworks",
				);
				MACOSX_DEPLOYMENT_TARGET = 12.1;
				MARKETING_VERSION = 1.0;
				PRODUCT_BUNDLE_IDENTIFIER = com.av.testapp.Lidar;
				PRODUCT_NAME = Lidar;
				SDKROOT = macosx;
				SWIFT_EMIT_LOC_STRINGS = YES;
				SWIFT_VERSION = 5.0;
			};
			name = Debug;
		};
		5FE3692E27C6D477006F2301 /* Release */ = {
			isa = XCBuildConfiguration;
			buildSettings = {
				ASSETCATALOG_COMPILER_APPICON_NAME = AppIcon;
				ASSETCATALOG_COMPILER_GLOBAL_ACCENT_COLOR_NAME = AccentColor;
				CODE_SIGN_ENTITLEMENTS = macOS/macOS.entitlements;
				CODE_SIGN_STYLE = Automatic;
				COMBINE_HIDPI_IMAGES = YES;
				CURRENT_PROJECT_VERSION = 1;
				DEVELOPMENT_TEAM = R9K4BX5972;
				ENABLE_HARDENED_RUNTIME = YES;
				ENABLE_PREVIEWS = YES;
				GENERATE_INFOPLIST_FILE = YES;
				INFOPLIST_KEY_NSHumanReadableCopyright = "";
				LD_RUNPATH_SEARCH_PATHS = (
					"$(inherited)",
					"@executable_path/../Frameworks",
				);
				MACOSX_DEPLOYMENT_TARGET = 12.1;
				MARKETING_VERSION = 1.0;
				PRODUCT_BUNDLE_IDENTIFIER = com.av.testapp.Lidar;
				PRODUCT_NAME = Lidar;
				SDKROOT = macosx;
				SWIFT_EMIT_LOC_STRINGS = YES;
				SWIFT_VERSION = 5.0;
			};
			name = Release;
		};
/* End XCBuildConfiguration section */

/* Begin XCConfigurationList section */
		5FE3690F27C6D477006F2301 /* Build configuration list for PBXProject "Lidar" */ = {
			isa = XCConfigurationList;
			buildConfigurations = (
				5FE3692727C6D477006F2301 /* Debug */,
				5FE3692827C6D477006F2301 /* Release */,
			);
			defaultConfigurationIsVisible = 0;
			defaultConfigurationName = Release;
		};
		5FE3692927C6D477006F2301 /* Build configuration list for PBXNativeTarget "Lidar (iOS)" */ = {
			isa = XCConfigurationList;
			buildConfigurations = (
				5FE3692A27C6D477006F2301 /* Debug */,
				5FE3692B27C6D477006F2301 /* Release */,
			);
			defaultConfigurationIsVisible = 0;
			defaultConfigurationName = Release;
		};
		5FE3692C27C6D477006F2301 /* Build configuration list for PBXNativeTarget "Lidar (macOS)" */ = {
			isa = XCConfigurationList;
			buildConfigurations = (
				5FE3692D27C6D477006F2301 /* Debug */,
				5FE3692E27C6D477006F2301 /* Release */,
			);
			defaultConfigurationIsVisible = 0;
			defaultConfigurationName = Release;
		};
/* End XCConfigurationList section */
	};
	rootObject = 5FE3690C27C6D477006F2301 /* Project object */;
}
