// !$*UTF8*$!
{
	archiveVersion = 1;
	classes = {
	};
	objectVersion = 50;
	objects = {

/* Begin PBXBuildFile section */
		1E758FB725D74127001F6BA2 /* Scan.storyboard in Resources */ = {isa = PBXBuildFile; fileRef = 1E758FB625D74127001F6BA2 /* Scan.storyboard */; };
		1E758FBC25D7412F001F6BA2 /* ScanViewController.swift in Sources */ = {isa = PBXBuildFile; fileRef = 1E758FBB25D7412F001F6BA2 /* ScanViewController.swift */; };
		1EEE225A25A7039B00706DE8 /* AppDelegate.swift in Sources */ = {isa = PBXBuildFile; fileRef = 1EEE225925A7039B00706DE8 /* AppDelegate.swift */; };
		1EEE225E25A7039B00706DE8 /* Experience.rcproject in Sources */ = {isa = PBXBuildFile; fileRef = 1EEE225D25A7039B00706DE8 /* Experience.rcproject */; };
		1EEE226125A7039B00706DE8 /* Main.storyboard in Resources */ = {isa = PBXBuildFile; fileRef = 1EEE225F25A7039B00706DE8 /* Main.storyboard */; };
		1EEE226325A7039C00706DE8 /* Assets.xcassets in Resources */ = {isa = PBXBuildFile; fileRef = 1EEE226225A7039C00706DE8 /* Assets.xcassets */; };
		1EEE226625A7039C00706DE8 /* LaunchScreen.storyboard in Resources */ = {isa = PBXBuildFile; fileRef = 1EEE226425A7039C00706DE8 /* LaunchScreen.storyboard */; };
		1EF1910525C605A5005064FC /* MenuViewController.swift in Sources */ = {isa = PBXBuildFile; fileRef = 1EF1910425C605A5005064FC /* MenuViewController.swift */; };
		1EF1910A25C605D2005064FC /* MenuDataSource.swift in Sources */ = {isa = PBXBuildFile; fileRef = 1EF1910925C605D2005064FC /* MenuDataSource.swift */; };
		1EF1911225C607E3005064FC /* MenuItemCell.swift in Sources */ = {isa = PBXBuildFile; fileRef = 1EF1911125C607E3005064FC /* MenuItemCell.swift */; };
/* End PBXBuildFile section */

/* Begin PBXFileReference section */
		1E758FB625D74127001F6BA2 /* Scan.storyboard */ = {isa = PBXFileReference; lastKnownFileType = file.storyboard; path = Scan.storyboard; sourceTree = "<group>"; };
		1E758FBB25D7412F001F6BA2 /* ScanViewController.swift */ = {isa = PBXFileReference; lastKnownFileType = sourcecode.swift; path = ScanViewController.swift; sourceTree = "<group>"; };
		1EEE225625A7039B00706DE8 /* Lidar.app */ = {isa = PBXFileReference; explicitFileType = wrapper.application; includeInIndex = 0; path = Lidar.app; sourceTree = BUILT_PRODUCTS_DIR; };
		1EEE225925A7039B00706DE8 /* AppDelegate.swift */ = {isa = PBXFileReference; lastKnownFileType = sourcecode.swift; path = AppDelegate.swift; sourceTree = "<group>"; };
		1EEE225D25A7039B00706DE8 /* Experience.rcproject */ = {isa = PBXFileReference; lastKnownFileType = file.rcproject; path = Experience.rcproject; sourceTree = "<group>"; };
		1EEE226025A7039B00706DE8 /* Base */ = {isa = PBXFileReference; lastKnownFileType = file.storyboard; name = Base; path = Base.lproj/Main.storyboard; sourceTree = "<group>"; };
		1EEE226225A7039C00706DE8 /* Assets.xcassets */ = {isa = PBXFileReference; lastKnownFileType = folder.assetcatalog; path = Assets.xcassets; sourceTree = "<group>"; };
		1EEE226525A7039C00706DE8 /* Base */ = {isa = PBXFileReference; lastKnownFileType = file.storyboard; name = Base; path = Base.lproj/LaunchScreen.storyboard; sourceTree = "<group>"; };
		1EEE226725A7039C00706DE8 /* Info.plist */ = {isa = PBXFileReference; lastKnownFileType = text.plist.xml; path = Info.plist; sourceTree = "<group>"; };
		1EF1910425C605A5005064FC /* MenuViewController.swift */ = {isa = PBXFileReference; lastKnownFileType = sourcecode.swift; path = MenuViewController.swift; sourceTree = "<group>"; };
		1EF1910925C605D2005064FC /* MenuDataSource.swift */ = {isa = PBXFileReference; lastKnownFileType = sourcecode.swift; path = MenuDataSource.swift; sourceTree = "<group>"; };
		1EF1911125C607E3005064FC /* MenuItemCell.swift */ = {isa = PBXFileReference; lastKnownFileType = sourcecode.swift; path = MenuItemCell.swift; sourceTree = "<group>"; };
/* End PBXFileReference section */

/* Begin PBXFrameworksBuildPhase section */
		1EEE225325A7039B00706DE8 /* Frameworks */ = {
			isa = PBXFrameworksBuildPhase;
			buildActionMask = 2147483647;
			files = (
			);
			runOnlyForDeploymentPostprocessing = 0;
		};
/* End PBXFrameworksBuildPhase section */

/* Begin PBXGroup section */
		1E758FB525D74113001F6BA2 /* Scan */ = {
			isa = PBXGroup;
			children = (
				1E758FB625D74127001F6BA2 /* Scan.storyboard */,
				1E758FBB25D7412F001F6BA2 /* ScanViewController.swift */,
			);
			path = Scan;
			sourceTree = "<group>";
		};
		1EEE224D25A7039B00706DE8 = {
			isa = PBXGroup;
			children = (
				1EEE225825A7039B00706DE8 /* Lidar */,
				1EEE225725A7039B00706DE8 /* Products */,
			);
			sourceTree = "<group>";
		};
		1EEE225725A7039B00706DE8 /* Products */ = {
			isa = PBXGroup;
			children = (
				1EEE225625A7039B00706DE8 /* Lidar.app */,
			);
			name = Products;
			sourceTree = "<group>";
		};
		1EEE225825A7039B00706DE8 /* Lidar */ = {
			isa = PBXGroup;
			children = (
				1EEE225925A7039B00706DE8 /* AppDelegate.swift */,
				1EEE225D25A7039B00706DE8 /* Experience.rcproject */,
				1EEE225F25A7039B00706DE8 /* Main.storyboard */,
				1EF1910425C605A5005064FC /* MenuViewController.swift */,
				1EF1911125C607E3005064FC /* MenuItemCell.swift */,
				1EF1910925C605D2005064FC /* MenuDataSource.swift */,
				1EF190F925C60405005064FC /* Samples */,
				1EEE226225A7039C00706DE8 /* Assets.xcassets */,
				1EEE226425A7039C00706DE8 /* LaunchScreen.storyboard */,
				1EEE226725A7039C00706DE8 /* Info.plist */,
			);
			path = Lidar;
			sourceTree = "<group>";
		};
		1EF190F925C60405005064FC /* Samples */ = {
			isa = PBXGroup;
			children = (
				1E758FB525D74113001F6BA2 /* Scan */,
			);
			path = Samples;
			sourceTree = "<group>";
		};
/* End PBXGroup section */

/* Begin PBXNativeTarget section */
		1EEE225525A7039B00706DE8 /* Lidar */ = {
			isa = PBXNativeTarget;
			buildConfigurationList = 1EEE228025A7039C00706DE8 /* Build configuration list for PBXNativeTarget "Lidar" */;
			buildPhases = (
				1EEE225225A7039B00706DE8 /* Sources */,
				1EEE225325A7039B00706DE8 /* Frameworks */,
				1EEE225425A7039B00706DE8 /* Resources */,
			);
			buildRules = (
			);
			dependencies = (
			);
			name = Lidar;
			productName = Lidar;
			productReference = 1EEE225625A7039B00706DE8 /* Lidar.app */;
			productType = "com.apple.product-type.application";
		};
/* End PBXNativeTarget section */

/* Begin PBXProject section */
		1EEE224E25A7039B00706DE8 /* Project object */ = {
			isa = PBXProject;
			attributes = {
				LastSwiftUpdateCheck = 1230;
				LastUpgradeCheck = 1230;
				TargetAttributes = {
					1EEE225525A7039B00706DE8 = {
						CreatedOnToolsVersion = 12.3;
					};
				};
			};
			buildConfigurationList = 1EEE225125A7039B00706DE8 /* Build configuration list for PBXProject "Lidar" */;
			compatibilityVersion = "Xcode 9.3";
			developmentRegion = en;
			hasScannedForEncodings = 0;
			knownRegions = (
				en,
				Base,
			);
			mainGroup = 1EEE224D25A7039B00706DE8;
			productRefGroup = 1EEE225725A7039B00706DE8 /* Products */;
			projectDirPath = "";
			projectRoot = "";
			targets = (
				1EEE225525A7039B00706DE8 /* Lidar */,
			);
		};
/* End PBXProject section */

/* Begin PBXResourcesBuildPhase section */
		1EEE225425A7039B00706DE8 /* Resources */ = {
			isa = PBXResourcesBuildPhase;
			buildActionMask = 2147483647;
			files = (
				1EEE226625A7039C00706DE8 /* LaunchScreen.storyboard in Resources */,
				1EEE226325A7039C00706DE8 /* Assets.xcassets in Resources */,
				1E758FB725D74127001F6BA2 /* Scan.storyboard in Resources */,
				1EEE226125A7039B00706DE8 /* Main.storyboard in Resources */,
			);
			runOnlyForDeploymentPostprocessing = 0;
		};
/* End PBXResourcesBuildPhase section */

/* Begin PBXSourcesBuildPhase section */
		1EEE225225A7039B00706DE8 /* Sources */ = {
			isa = PBXSourcesBuildPhase;
			buildActionMask = 2147483647;
			files = (
				1EEE225A25A7039B00706DE8 /* AppDelegate.swift in Sources */,
				1EF1910525C605A5005064FC /* MenuViewController.swift in Sources */,
				1EF1910A25C605D2005064FC /* MenuDataSource.swift in Sources */,
				1EF1911225C607E3005064FC /* MenuItemCell.swift in Sources */,
				1E758FBC25D7412F001F6BA2 /* ScanViewController.swift in Sources */,
				1EEE225E25A7039B00706DE8 /* Experience.rcproject in Sources */,
			);
			runOnlyForDeploymentPostprocessing = 0;
		};
/* End PBXSourcesBuildPhase section */

/* Begin PBXVariantGroup section */
		1EEE225F25A7039B00706DE8 /* Main.storyboard */ = {
			isa = PBXVariantGroup;
			children = (
				1EEE226025A7039B00706DE8 /* Base */,
			);
			name = Main.storyboard;
			sourceTree = "<group>";
		};
		1EEE226425A7039C00706DE8 /* LaunchScreen.storyboard */ = {
			isa = PBXVariantGroup;
			children = (
				1EEE226525A7039C00706DE8 /* Base */,
			);
			name = LaunchScreen.storyboard;
			sourceTree = "<group>";
		};
/* End PBXVariantGroup section */

/* Begin XCBuildConfiguration section */
		1EEE227E25A7039C00706DE8 /* Debug */ = {
			isa = XCBuildConfiguration;
			buildSettings = {
				ALWAYS_SEARCH_USER_PATHS = NO;
				CLANG_ANALYZER_NONNULL = YES;
				CLANG_ANALYZER_NUMBER_OBJECT_CONVERSION = YES_AGGRESSIVE;
				CLANG_CXX_LANGUAGE_STANDARD = "gnu++14";
				CLANG_CXX_LIBRARY = "libc++";
				CLANG_ENABLE_MODULES = YES;
				CLANG_ENABLE_OBJC_ARC = YES;
				CLANG_ENABLE_OBJC_WEAK = YES;
				CLANG_WARN_BLOCK_CAPTURE_AUTORELEASING = YES;
				CLANG_WARN_BOOL_CONVERSION = YES;
				CLANG_WARN_COMMA = YES;
				CLANG_WARN_CONSTANT_CONVERSION = YES;
				CLANG_WARN_DEPRECATED_OBJC_IMPLEMENTATIONS = YES;
				CLANG_WARN_DIRECT_OBJC_ISA_USAGE = YES_ERROR;
				CLANG_WARN_DOCUMENTATION_COMMENTS = YES;
				CLANG_WARN_EMPTY_BODY = YES;
				CLANG_WARN_ENUM_CONVERSION = YES;
				CLANG_WARN_INFINITE_RECURSION = YES;
				CLANG_WARN_INT_CONVERSION = YES;
				CLANG_WARN_NON_LITERAL_NULL_CONVERSION = YES;
				CLANG_WARN_OBJC_IMPLICIT_RETAIN_SELF = YES;
				CLANG_WARN_OBJC_LITERAL_CONVERSION = YES;
				CLANG_WARN_OBJC_ROOT_CLASS = YES_ERROR;
				CLANG_WARN_QUOTED_INCLUDE_IN_FRAMEWORK_HEADER = YES;
				CLANG_WARN_RANGE_LOOP_ANALYSIS = YES;
				CLANG_WARN_STRICT_PROTOTYPES = YES;
				CLANG_WARN_SUSPICIOUS_MOVE = YES;
				CLANG_WARN_UNGUARDED_AVAILABILITY = YES_AGGRESSIVE;
				CLANG_WARN_UNREACHABLE_CODE = YES;
				CLANG_WARN__DUPLICATE_METHOD_MATCH = YES;
				COPY_PHASE_STRIP = NO;
				DEBUG_INFORMATION_FORMAT = dwarf;
				ENABLE_STRICT_OBJC_MSGSEND = YES;
				ENABLE_TESTABILITY = YES;
				GCC_C_LANGUAGE_STANDARD = gnu11;
				GCC_DYNAMIC_NO_PIC = NO;
				GCC_NO_COMMON_BLOCKS = YES;
				GCC_OPTIMIZATION_LEVEL = 0;
				GCC_PREPROCESSOR_DEFINITIONS = (
					"DEBUG=1",
					"$(inherited)",
				);
				GCC_WARN_64_TO_32_BIT_CONVERSION = YES;
				GCC_WARN_ABOUT_RETURN_TYPE = YES_ERROR;
				GCC_WARN_UNDECLARED_SELECTOR = YES;
				GCC_WARN_UNINITIALIZED_AUTOS = YES_AGGRESSIVE;
				GCC_WARN_UNUSED_FUNCTION = YES;
				GCC_WARN_UNUSED_VARIABLE = YES;
				IPHONEOS_DEPLOYMENT_TARGET = 14.3;
				MTL_ENABLE_DEBUG_INFO = INCLUDE_SOURCE;
				MTL_FAST_MATH = YES;
				ONLY_ACTIVE_ARCH = YES;
				SDKROOT = iphoneos;
				SWIFT_ACTIVE_COMPILATION_CONDITIONS = DEBUG;
				SWIFT_OPTIMIZATION_LEVEL = "-Onone";
			};
			name = Debug;
		};
		1EEE227F25A7039C00706DE8 /* Release */ = {
			isa = XCBuildConfiguration;
			buildSettings = {
				ALWAYS_SEARCH_USER_PATHS = NO;
				CLANG_ANALYZER_NONNULL = YES;
				CLANG_ANALYZER_NUMBER_OBJECT_CONVERSION = YES_AGGRESSIVE;
				CLANG_CXX_LANGUAGE_STANDARD = "gnu++14";
				CLANG_CXX_LIBRARY = "libc++";
				CLANG_ENABLE_MODULES = YES;
				CLANG_ENABLE_OBJC_ARC = YES;
				CLANG_ENABLE_OBJC_WEAK = YES;
				CLANG_WARN_BLOCK_CAPTURE_AUTORELEASING = YES;
				CLANG_WARN_BOOL_CONVERSION = YES;
				CLANG_WARN_COMMA = YES;
				CLANG_WARN_CONSTANT_CONVERSION = YES;
				CLANG_WARN_DEPRECATED_OBJC_IMPLEMENTATIONS = YES;
				CLANG_WARN_DIRECT_OBJC_ISA_USAGE = YES_ERROR;
				CLANG_WARN_DOCUMENTATION_COMMENTS = YES;
				CLANG_WARN_EMPTY_BODY = YES;
				CLANG_WARN_ENUM_CONVERSION = YES;
				CLANG_WARN_INFINITE_RECURSION = YES;
				CLANG_WARN_INT_CONVERSION = YES;
				CLANG_WARN_NON_LITERAL_NULL_CONVERSION = YES;
				CLANG_WARN_OBJC_IMPLICIT_RETAIN_SELF = YES;
				CLANG_WARN_OBJC_LITERAL_CONVERSION = YES;
				CLANG_WARN_OBJC_ROOT_CLASS = YES_ERROR;
				CLANG_WARN_QUOTED_INCLUDE_IN_FRAMEWORK_HEADER = YES;
				CLANG_WARN_RANGE_LOOP_ANALYSIS = YES;
				CLANG_WARN_STRICT_PROTOTYPES = YES;
				CLANG_WARN_SUSPICIOUS_MOVE = YES;
				CLANG_WARN_UNGUARDED_AVAILABILITY = YES_AGGRESSIVE;
				CLANG_WARN_UNREACHABLE_CODE = YES;
				CLANG_WARN__DUPLICATE_METHOD_MATCH = YES;
				COPY_PHASE_STRIP = NO;
				DEBUG_INFORMATION_FORMAT = "dwarf-with-dsym";
				ENABLE_NS_ASSERTIONS = NO;
				ENABLE_STRICT_OBJC_MSGSEND = YES;
				GCC_C_LANGUAGE_STANDARD = gnu11;
				GCC_NO_COMMON_BLOCKS = YES;
				GCC_WARN_64_TO_32_BIT_CONVERSION = YES;
				GCC_WARN_ABOUT_RETURN_TYPE = YES_ERROR;
				GCC_WARN_UNDECLARED_SELECTOR = YES;
				GCC_WARN_UNINITIALIZED_AUTOS = YES_AGGRESSIVE;
				GCC_WARN_UNUSED_FUNCTION = YES;
				GCC_WARN_UNUSED_VARIABLE = YES;
				IPHONEOS_DEPLOYMENT_TARGET = 14.3;
				MTL_ENABLE_DEBUG_INFO = NO;
				MTL_FAST_MATH = YES;
				SDKROOT = iphoneos;
				SWIFT_COMPILATION_MODE = wholemodule;
				SWIFT_OPTIMIZATION_LEVEL = "-O";
				VALIDATE_PRODUCT = YES;
			};
			name = Release;
		};
		1EEE228125A7039C00706DE8 /* Debug */ = {
			isa = XCBuildConfiguration;
			buildSettings = {
				ASSETCATALOG_COMPILER_APPICON_NAME = AppIcon;
				ASSETCATALOG_COMPILER_GLOBAL_ACCENT_COLOR_NAME = AccentColor;
				CODE_SIGN_STYLE = Manual;
				DEVELOPMENT_TEAM = "";
				INFOPLIST_FILE = Lidar/Info.plist;
				LD_RUNPATH_SEARCH_PATHS = (
					"$(inherited)",
					"@executable_path/Frameworks",
				);
				PRODUCT_BUNDLE_IDENTIFIER = com.av.test.lidar;
				PRODUCT_NAME = "$(TARGET_NAME)";
				PROVISIONING_PROFILE_SPECIFIER = "";
				SWIFT_OBJC_BRIDGING_HEADER = "";
				SWIFT_VERSION = 5.0;
				TARGETED_DEVICE_FAMILY = "1,2";
			};
			name = Debug;
		};
		1EEE228225A7039C00706DE8 /* Release */ = {
			isa = XCBuildConfiguration;
			buildSettings = {
				ASSETCATALOG_COMPILER_APPICON_NAME = AppIcon;
				ASSETCATALOG_COMPILER_GLOBAL_ACCENT_COLOR_NAME = AccentColor;
				CODE_SIGN_STYLE = Manual;
				DEVELOPMENT_TEAM = "";
				INFOPLIST_FILE = Lidar/Info.plist;
				LD_RUNPATH_SEARCH_PATHS = (
					"$(inherited)",
					"@executable_path/Frameworks",
				);
				PRODUCT_BUNDLE_IDENTIFIER = com.av.test.lidar;
				PRODUCT_NAME = "$(TARGET_NAME)";
				PROVISIONING_PROFILE_SPECIFIER = "";
				SWIFT_OBJC_BRIDGING_HEADER = "";
				SWIFT_VERSION = 5.0;
				TARGETED_DEVICE_FAMILY = "1,2";
			};
			name = Release;
		};
/* End XCBuildConfiguration section */

/* Begin XCConfigurationList section */
		1EEE225125A7039B00706DE8 /* Build configuration list for PBXProject "Lidar" */ = {
			isa = XCConfigurationList;
			buildConfigurations = (
				1EEE227E25A7039C00706DE8 /* Debug */,
				1EEE227F25A7039C00706DE8 /* Release */,
			);
			defaultConfigurationIsVisible = 0;
			defaultConfigurationName = Release;
		};
		1EEE228025A7039C00706DE8 /* Build configuration list for PBXNativeTarget "Lidar" */ = {
			isa = XCConfigurationList;
			buildConfigurations = (
				1EEE228125A7039C00706DE8 /* Debug */,
				1EEE228225A7039C00706DE8 /* Release */,
			);
			defaultConfigurationIsVisible = 0;
			defaultConfigurationName = Release;
		};
/* End XCConfigurationList section */
	};
	rootObject = 1EEE224E25A7039B00706DE8 /* Project object */;
}
